
Microsoft Visual Studio Solution File, Format Version 12.00
# Visual Studio 15
Project("{FAE04EC0-301F-11D3-BF4B-00C04F79EFBC}") = "Assembly-CSharp", "Assembly-CSharp.csproj", "{206711C1-548A-8122-EC56-F2E704321BED}"
EndProject
Project("{FAE04EC0-301F-11D3-BF4B-00C04F79EFBC}") = "OccaSoftware.Crosshairs.Editor", "OccaSoftware.Crosshairs.Editor.csproj", "{EB3C10B9-2C32-BA02-C67A-654217B438FD}"
EndProject
Project("{FAE04EC0-301F-11D3-BF4B-00C04F79EFBC}") = "Assembly-CSharp-Editor", "Assembly-CSharp-Editor.csproj", "{6157790B-B6DC-289C-92CD-7B7D156CFE12}"
EndProject
Global
	GlobalSection(SolutionConfigurationPlatforms) = preSolution
		Debug|Any CPU = Debug|Any CPU
		Release|Any CPU = Release|Any CPU
	EndGlobalSection
	GlobalSection(ProjectConfigurationPlatforms) = postSolution
		{206711C1-548A-8122-EC56-F2E704321BED}.Debug|Any CPU.ActiveCfg = Debug|Any CPU
		{206711C1-548A-8122-EC56-F2E704321BED}.Debug|Any CPU.Build.0 = Debug|Any CPU
		{206711C1-548A-8122-EC56-F2E704321BED}.Release|Any CPU.ActiveCfg = Release|Any CPU
		{206711C1-548A-8122-EC56-F2E704321BED}.Release|Any CPU.Build.0 = Release|Any CPU
		{EB3C10B9-2C32-BA02-C67A-654217B438FD}.Debug|Any CPU.ActiveCfg = Debug|Any CPU
		{EB3C10B9-2C32-BA02-C67A-654217B438FD}.Debug|Any CPU.Build.0 = Debug|Any CPU
		{EB3C10B9-2C32-BA02-C67A-654217B438FD}.Release|Any CPU.ActiveCfg = Release|Any CPU
		{EB3C10B9-2C32-BA02-C67A-654217B438FD}.Release|Any CPU.Build.0 = Release|Any CPU
		{6157790B-B6DC-289C-92CD-7B7D156CFE12}.Debug|Any CPU.ActiveCfg = Debug|Any CPU
		{6157790B-B6DC-289C-92CD-7B7D156CFE12}.Debug|Any CPU.Build.0 = Debug|Any CPU
		{6157790B-B6DC-289C-92CD-7B7D156CFE12}.Release|Any CPU.ActiveCfg = Release|Any CPU
		{6157790B-B6DC-289C-92CD-7B7D156CFE12}.Release|Any CPU.Build.0 = Release|Any CPU
	EndGlobalSection
	GlobalSection(SolutionProperties) = preSolution
		HideSolutionNode = FALSE
	EndGlobalSection
EndGlobal
